
Microsoft Visual Studio Solution File, Format Version 12.00
# Visual Studio Version 17
VisualStudioVersion = 17.0.31903.59
MinimumVisualStudioVersion = 10.0.40219.1
Project("{FAE04EC0-301F-11D3-BF4B-00C04F79EFBC}") = "Razor.Analyzers.PoC", "Razor.Analyzers.PoC\Razor.Analyzers.PoC.csproj", "{90391480-80A1-4FC3-912A-149007D60FBA}"
EndProject
Project("{FAE04EC0-301F-11D3-BF4B-00C04F79EFBC}") = "Razor.Analyzers.Mvc.Net7.Example", "Razor.Analyzers.Mvc.Net7.Example\Razor.Analyzers.Mvc.Net7.Example.csproj", "{25132CD2-BA4F-4E0A-B3AE-5CCCCF9427FD}"
EndProject
Project("{FAE04EC0-301F-11D3-BF4B-00C04F79EFBC}") = "Razor.Analyzers.ClassLib.Example", "Razor.Analyzers.ClassLib.Example\Razor.Analyzers.ClassLib.Example.csproj", "{37EA6EC7-BF3B-494B-8C54-ADDF38BDF442}"
EndProject
Project("{FAE04EC0-301F-11D3-BF4B-00C04F79EFBC}") = "Razor.Analysers.Blazor.Net7.Example", "Razor.Analysers.Blazor.Net7.Example\Razor.Analysers.Blazor.Net7.Example.csproj", "{4FB28FAE-7BB9-4FF9-9803-54E0E6596D09}"
EndProject
Project("{FAE04EC0-301F-11D3-BF4B-00C04F79EFBC}") = "Razor.Analyzers.Razor.Net7.Example", "Razor.Analyzers.Razor.Net7.Example\Razor.Analyzers.Razor.Net7.Example.csproj", "{CFD65237-8C4B-4487-A023-2312F778E42E}"
EndProject
Project("{FAE04EC0-301F-11D3-BF4B-00C04F79EFBC}") = "Razor.Analyzers.Mvc.NetCode21.Example", "Razor.Analyzers.Mvc.NetCode21.Example\Razor.Analyzers.Mvc.NetCode21.Example.csproj", "{DB56739C-51AA-445D-AC40-2FFA2EEBF364}"
EndProject
Project("{2150E333-8FDC-42A3-9474-1A3956D46DE8}") = "Samples", "Samples", "{B93E629A-58A9-4661-BF7B-F89225B87397}"
EndProject
Project("{2150E333-8FDC-42A3-9474-1A3956D46DE8}") = "Analyzer", "Analyzer", "{443BF1A9-0D23-4FF8-B16B-9F0BF5493482}"
EndProject
Project("{FAE04EC0-301F-11D3-BF4B-00C04F79EFBC}") = "Razor.Analyzers.Mvc.Net5.Example", "Razor.Analyzers.Mvc.Net5.Example\Razor.Analyzers.Mvc.Net5.Example.csproj", "{9CDA72EF-6251-4B77-8AEF-965403024BAE}"
EndProject
Project("{FAE04EC0-301F-11D3-BF4B-00C04F79EFBC}") = "Razor.Analyzers.Blazor.Net5.Example", "Razor.Analyzers.Blazor.Net5.Example\Razor.Analyzers.Blazor.Net5.Example.csproj", "{262B58B6-9F63-443F-926D-9D7A25036EF5}"
EndProject
Project("{FAE04EC0-301F-11D3-BF4B-00C04F79EFBC}") = "Razor.Analyzers.Razor.Net5.Example", "Razor.Analyzers.Razor.Net5.Example\Razor.Analyzers.Razor.Net5.Example.csproj", "{3D9677E6-FBB8-4D3D-9ACC-71DCBFE9B5F2}"
EndProject
Project("{FAE04EC0-301F-11D3-BF4B-00C04F79EFBC}") = "Razor.Analyzers.Mcv.NetFx48.Example", "Razor.Analyzers.Mcv.NetFx48.Example\Razor.Analyzers.Mcv.NetFx48.Example.csproj", "{B46D9AD8-6B13-400B-8D41-3AC7B9A612D4}"
EndProject
Project("{2150E333-8FDC-42A3-9474-1A3956D46DE8}") = "Others", "Others", "{98E07A2E-EBB7-40A4-982A-58C447C1D158}"
	ProjectSection(SolutionItems) = preProject
		Directory.Build.targets = Directory.Build.targets
	EndProjectSection
EndProject
Project("{2150E333-8FDC-42A3-9474-1A3956D46DE8}") = "Roslyn", "Roslyn", "{699D66A0-9096-4DBF-87F1-1DB17B8DBDD1}"
EndProject
Project("{FAE04EC0-301F-11D3-BF4B-00C04F79EFBC}") = "ProjectLoader", "ProjectLoader\ProjectLoader.csproj", "{1C0590CB-1C8B-4CCF-AB7C-64A4D92D6C73}"
EndProject
Project("{FAE04EC0-301F-11D3-BF4B-00C04F79EFBC}") = "ProjectLoader.Template", "ProjectLoader.Template\ProjectLoader.Template.csproj", "{BCFB4CE3-45A5-4963-AA99-DB80CC359B3D}"
EndProject
Global
	GlobalSection(SolutionConfigurationPlatforms) = preSolution
		Debug|Any CPU = Debug|Any CPU
		Release|Any CPU = Release|Any CPU
	EndGlobalSection
	GlobalSection(SolutionProperties) = preSolution
		HideSolutionNode = FALSE
	EndGlobalSection
	GlobalSection(ProjectConfigurationPlatforms) = postSolution
		{90391480-80A1-4FC3-912A-149007D60FBA}.Debug|Any CPU.ActiveCfg = Debug|Any CPU
		{90391480-80A1-4FC3-912A-149007D60FBA}.Debug|Any CPU.Build.0 = Debug|Any CPU
		{90391480-80A1-4FC3-912A-149007D60FBA}.Release|Any CPU.ActiveCfg = Release|Any CPU
		{90391480-80A1-4FC3-912A-149007D60FBA}.Release|Any CPU.Build.0 = Release|Any CPU
		{25132CD2-BA4F-4E0A-B3AE-5CCCCF9427FD}.Debug|Any CPU.ActiveCfg = Debug|Any CPU
		{25132CD2-BA4F-4E0A-B3AE-5CCCCF9427FD}.Debug|Any CPU.Build.0 = Debug|Any CPU
		{25132CD2-BA4F-4E0A-B3AE-5CCCCF9427FD}.Release|Any CPU.ActiveCfg = Release|Any CPU
		{25132CD2-BA4F-4E0A-B3AE-5CCCCF9427FD}.Release|Any CPU.Build.0 = Release|Any CPU
		{37EA6EC7-BF3B-494B-8C54-ADDF38BDF442}.Debug|Any CPU.ActiveCfg = Debug|Any CPU
		{37EA6EC7-BF3B-494B-8C54-ADDF38BDF442}.Debug|Any CPU.Build.0 = Debug|Any CPU
		{37EA6EC7-BF3B-494B-8C54-ADDF38BDF442}.Release|Any CPU.ActiveCfg = Release|Any CPU
		{37EA6EC7-BF3B-494B-8C54-ADDF38BDF442}.Release|Any CPU.Build.0 = Release|Any CPU
		{4FB28FAE-7BB9-4FF9-9803-54E0E6596D09}.Debug|Any CPU.ActiveCfg = Debug|Any CPU
		{4FB28FAE-7BB9-4FF9-9803-54E0E6596D09}.Debug|Any CPU.Build.0 = Debug|Any CPU
		{4FB28FAE-7BB9-4FF9-9803-54E0E6596D09}.Release|Any CPU.ActiveCfg = Release|Any CPU
		{4FB28FAE-7BB9-4FF9-9803-54E0E6596D09}.Release|Any CPU.Build.0 = Release|Any CPU
		{CFD65237-8C4B-4487-A023-2312F778E42E}.Debug|Any CPU.ActiveCfg = Debug|Any CPU
		{CFD65237-8C4B-4487-A023-2312F778E42E}.Debug|Any CPU.Build.0 = Debug|Any CPU
		{CFD65237-8C4B-4487-A023-2312F778E42E}.Release|Any CPU.ActiveCfg = Release|Any CPU
		{CFD65237-8C4B-4487-A023-2312F778E42E}.Release|Any CPU.Build.0 = Release|Any CPU
		{DB56739C-51AA-445D-AC40-2FFA2EEBF364}.Debug|Any CPU.ActiveCfg = Debug|Any CPU
		{DB56739C-51AA-445D-AC40-2FFA2EEBF364}.Debug|Any CPU.Build.0 = Debug|Any CPU
		{DB56739C-51AA-445D-AC40-2FFA2EEBF364}.Release|Any CPU.ActiveCfg = Release|Any CPU
		{DB56739C-51AA-445D-AC40-2FFA2EEBF364}.Release|Any CPU.Build.0 = Release|Any CPU
		{9CDA72EF-6251-4B77-8AEF-965403024BAE}.Debug|Any CPU.ActiveCfg = Debug|Any CPU
		{9CDA72EF-6251-4B77-8AEF-965403024BAE}.Debug|Any CPU.Build.0 = Debug|Any CPU
		{9CDA72EF-6251-4B77-8AEF-965403024BAE}.Release|Any CPU.ActiveCfg = Release|Any CPU
		{9CDA72EF-6251-4B77-8AEF-965403024BAE}.Release|Any CPU.Build.0 = Release|Any CPU
		{262B58B6-9F63-443F-926D-9D7A25036EF5}.Debug|Any CPU.ActiveCfg = Debug|Any CPU
		{262B58B6-9F63-443F-926D-9D7A25036EF5}.Debug|Any CPU.Build.0 = Debug|Any CPU
		{262B58B6-9F63-443F-926D-9D7A25036EF5}.Release|Any CPU.ActiveCfg = Release|Any CPU
		{262B58B6-9F63-443F-926D-9D7A25036EF5}.Release|Any CPU.Build.0 = Release|Any CPU
		{3D9677E6-FBB8-4D3D-9ACC-71DCBFE9B5F2}.Debug|Any CPU.ActiveCfg = Debug|Any CPU
		{3D9677E6-FBB8-4D3D-9ACC-71DCBFE9B5F2}.Debug|Any CPU.Build.0 = Debug|Any CPU
		{3D9677E6-FBB8-4D3D-9ACC-71DCBFE9B5F2}.Release|Any CPU.ActiveCfg = Release|Any CPU
		{3D9677E6-FBB8-4D3D-9ACC-71DCBFE9B5F2}.Release|Any CPU.Build.0 = Release|Any CPU
		{B46D9AD8-6B13-400B-8D41-3AC7B9A612D4}.Debug|Any CPU.ActiveCfg = Debug|Any CPU
		{B46D9AD8-6B13-400B-8D41-3AC7B9A612D4}.Debug|Any CPU.Build.0 = Debug|Any CPU
		{B46D9AD8-6B13-400B-8D41-3AC7B9A612D4}.Release|Any CPU.ActiveCfg = Release|Any CPU
		{B46D9AD8-6B13-400B-8D41-3AC7B9A612D4}.Release|Any CPU.Build.0 = Release|Any CPU
		{1C0590CB-1C8B-4CCF-AB7C-64A4D92D6C73}.Debug|Any CPU.ActiveCfg = Debug|Any CPU
		{1C0590CB-1C8B-4CCF-AB7C-64A4D92D6C73}.Debug|Any CPU.Build.0 = Debug|Any CPU
		{1C0590CB-1C8B-4CCF-AB7C-64A4D92D6C73}.Release|Any CPU.ActiveCfg = Release|Any CPU
		{1C0590CB-1C8B-4CCF-AB7C-64A4D92D6C73}.Release|Any CPU.Build.0 = Release|Any CPU
		{BCFB4CE3-45A5-4963-AA99-DB80CC359B3D}.Debug|Any CPU.ActiveCfg = Debug|Any CPU
		{BCFB4CE3-45A5-4963-AA99-DB80CC359B3D}.Debug|Any CPU.Build.0 = Debug|Any CPU
		{BCFB4CE3-45A5-4963-AA99-DB80CC359B3D}.Release|Any CPU.ActiveCfg = Release|Any CPU
		{BCFB4CE3-45A5-4963-AA99-DB80CC359B3D}.Release|Any CPU.Build.0 = Release|Any CPU
	EndGlobalSection
	GlobalSection(NestedProjects) = preSolution
		{4FB28FAE-7BB9-4FF9-9803-54E0E6596D09} = {B93E629A-58A9-4661-BF7B-F89225B87397}
		{37EA6EC7-BF3B-494B-8C54-ADDF38BDF442} = {B93E629A-58A9-4661-BF7B-F89225B87397}
		{25132CD2-BA4F-4E0A-B3AE-5CCCCF9427FD} = {B93E629A-58A9-4661-BF7B-F89225B87397}
		{CFD65237-8C4B-4487-A023-2312F778E42E} = {B93E629A-58A9-4661-BF7B-F89225B87397}
		{90391480-80A1-4FC3-912A-149007D60FBA} = {443BF1A9-0D23-4FF8-B16B-9F0BF5493482}
		{DB56739C-51AA-445D-AC40-2FFA2EEBF364} = {B93E629A-58A9-4661-BF7B-F89225B87397}
		{9CDA72EF-6251-4B77-8AEF-965403024BAE} = {B93E629A-58A9-4661-BF7B-F89225B87397}
		{262B58B6-9F63-443F-926D-9D7A25036EF5} = {B93E629A-58A9-4661-BF7B-F89225B87397}
		{3D9677E6-FBB8-4D3D-9ACC-71DCBFE9B5F2} = {B93E629A-58A9-4661-BF7B-F89225B87397}
		{B46D9AD8-6B13-400B-8D41-3AC7B9A612D4} = {B93E629A-58A9-4661-BF7B-F89225B87397}
		{1C0590CB-1C8B-4CCF-AB7C-64A4D92D6C73} = {699D66A0-9096-4DBF-87F1-1DB17B8DBDD1}
		{BCFB4CE3-45A5-4963-AA99-DB80CC359B3D} = {699D66A0-9096-4DBF-87F1-1DB17B8DBDD1}
	EndGlobalSection
EndGlobal
