{
  "version": 1,
  "dependencies": {
    "net7.0": {
      "Microsoft.AspNetCore.Components": {
        "type": "Direct",
        "requested": "[7.0.9, )",
        "resolved": "7.0.9",
        "contentHash": "pxaPhkp7dRZxuobkAdJkxwI+xZaI1FVIo8t9lsikv1oG3aeYbwPdfzaSFV5TbKsGxQnRnUUfpGb4NebDd4/G8w==",
        "dependencies": {
          "Microsoft.AspNetCore.Authorization": "7.0.9",
          "Microsoft.AspNetCore.Components.Analyzers": "7.0.9"
        }
      },
      "Microsoft.AspNetCore.Components.Authorization": {
        "type": "Direct",
        "requested": "[7.0.9, )",
        "resolved": "7.0.9",
        "contentHash": "0ngYBq/xBXt2d+JzVez2HBmrNTYNEstEb85AEPfeQHVRUcWS1mlCMP0s81RjOHAqGsw2D2aiuPTMFMFGbE7/dQ==",
        "dependencies": {
          "Microsoft.AspNetCore.Authorization": "7.0.9",
          "Microsoft.AspNetCore.Components": "7.0.9"
        }
      },
      "Microsoft.AspNetCore.Components.Web": {
        "type": "Direct",
        "requested": "[7.0.9, )",
        "resolved": "7.0.9",
        "contentHash": "46nrUg3/Tl/D1FT08nQqtsxs0VstOBwJpE8YS8nv0Mhm1cBeWg2Z0c9U22l/MIGiH12PcrAaHnBFy02EWrH9uA==",
        "dependencies": {
          "Microsoft.AspNetCore.Components": "7.0.9",
          "Microsoft.AspNetCore.Components.Forms": "7.0.9",
          "Microsoft.Extensions.DependencyInjection": "7.0.0",
          "Microsoft.JSInterop": "7.0.9",
          "System.IO.Pipelines": "7.0.0"
        }
      },
      "Microsoft.AspNetCore.Razor.Language": {
        "type": "Direct",
        "requested": "[6.0.20, )",
        "resolved": "6.0.20",
        "contentHash": "kk+bqzne4/RXX+JzZHdHu7fhEXaKtICJe+NVE6agTg4N4r9SbgErRrB99VTo5pWcEfS7tAhU6dVk7izTOmf8VA=="
      },
      "Microsoft.CodeAnalysis.CSharp": {
        "type": "Direct",
        "requested": "[4.6.0, )",
        "resolved": "4.6.0",
        "contentHash": "9pyFZUN2Lyu3C0Xfs49kezfH+CzQHMibGsQeQPu0P+GWyH2XXDwmyZ6jAaKQGNUXOJfC2OK01hWMJTJY315uDQ==",
        "dependencies": {
          "Microsoft.CodeAnalysis.Common": "[4.6.0]"
        }
      },
      "Microsoft.AspNetCore.Authorization": {
        "type": "Transitive",
        "resolved": "7.0.9",
        "contentHash": "fP5h07iQILCMA1kl7Y3KgzM9YWNgcmJKdzBEE59i9LhcTUsvMdvY2LhfmmJ7ZftS0mhkPRiXF/LdsKb06ClwYg==",
        "dependencies": {
          "Microsoft.AspNetCore.Metadata": "7.0.9",
          "Microsoft.Extensions.Logging.Abstractions": "7.0.1",
          "Microsoft.Extensions.Options": "7.0.1"
        }
      },
      "Microsoft.AspNetCore.Components.Analyzers": {
        "type": "Transitive",
        "resolved": "7.0.9",
        "contentHash": "Bk5COjKt1fMkOXjv82VCM83pGj47YkyHv3PZXDEMym0WVKhvNyiqAUd4nPdvqyxfldIhC0H6zyCPLAC0oLsZkA=="
      },
      "Microsoft.AspNetCore.Components.Forms": {
        "type": "Transitive",
        "resolved": "7.0.9",
        "contentHash": "woBR7tiXLAZ/PJjSXYuQoZt+OSDuZ9d8IBMsSwx/OFIDdvY+w+FVbFuxuHHvk4ZrHFM4S0KG6jKWllfSHqJs3g==",
        "dependencies": {
          "Microsoft.AspNetCore.Components": "7.0.9"
        }
      },
      "Microsoft.AspNetCore.Metadata": {
        "type": "Transitive",
        "resolved": "7.0.9",
        "contentHash": "ni8k/TCKMFmBdW+FOEmPNad4pA697tt59iEcpUG+HhagyXYnipfkbW9bu4/EOyyvSAOz4YMSA6in7gL/KZZlAA=="
      },
      "Microsoft.CodeAnalysis.Analyzers": {
        "type": "Transitive",
        "resolved": "3.3.4",
        "contentHash": "AxkxcPR+rheX0SmvpLVIGLhOUXAKG56a64kV9VQZ4y9gR9ZmPXnqZvHJnmwLSwzrEP6junUF11vuc+aqo5r68g=="
      },
      "Microsoft.CodeAnalysis.Common": {
        "type": "Transitive",
        "resolved": "4.6.0",
        "contentHash": "N3uLvekc7DjvE1BX8YW7UH7ldjA4ps/Tun2YmOoSIItJrh1gnQIMKUbK1c3uQUx2NHbLibVZI4o/VB9xb4B7tA==",
        "dependencies": {
          "Microsoft.CodeAnalysis.Analyzers": "3.3.4",
          "System.Collections.Immutable": "7.0.0",
          "System.Reflection.Metadata": "7.0.0",
          "System.Runtime.CompilerServices.Unsafe": "6.0.0",
          "System.Text.Encoding.CodePages": "7.0.0"
        }
      },
      "Microsoft.Extensions.DependencyInjection": {
        "type": "Transitive",
        "resolved": "7.0.0",
        "contentHash": "elNeOmkeX3eDVG6pYVeV82p29hr+UKDaBhrZyWvWLw/EVZSYEkZlQdkp0V39k/Xehs2Qa0mvoCvkVj3eQxNQ1Q==",
        "dependencies": {
          "Microsoft.Extensions.DependencyInjection.Abstractions": "7.0.0"
        }
      },
      "Microsoft.Extensions.DependencyInjection.Abstractions": {
        "type": "Transitive",
        "resolved": "7.0.0",
        "contentHash": "h3j/QfmFN4S0w4C2A6X7arXij/M/OVw3uQHSOFxnND4DyAzO1F9eMX7Eti7lU/OkSthEE0WzRsfT/Dmx86jzCw=="
      },
      "Microsoft.Extensions.Logging.Abstractions": {
        "type": "Transitive",
        "resolved": "7.0.1",
        "contentHash": "pkeBFx0vqMW/A3aUVHh7MPu3WkBhaVlezhSZeb1c9XD0vUReYH1TLFSy5MxJgZfmz5LZzYoErMorlYZiwpOoNA=="
      },
      "Microsoft.Extensions.Options": {
        "type": "Transitive",
        "resolved": "7.0.1",
        "contentHash": "pZRDYdN1FpepOIfHU62QoBQ6zdAoTvnjxFfqAzEd9Jhb2dfhA5i6jeTdgGgcgTWFRC7oT0+3XrbQu4LjvgX1Nw==",
        "dependencies": {
          "Microsoft.Extensions.DependencyInjection.Abstractions": "7.0.0",
          "Microsoft.Extensions.Primitives": "7.0.0"
        }
      },
      "Microsoft.Extensions.Primitives": {
        "type": "Transitive",
        "resolved": "7.0.0",
        "contentHash": "um1KU5kxcRp3CNuI8o/GrZtD4AIOXDk+RLsytjZ9QPok3ttLUelLKpilVPuaFT3TFjOhSibUAso0odbOaCDj3Q=="
      },
      "Microsoft.JSInterop": {
        "type": "Transitive",
        "resolved": "7.0.9",
        "contentHash": "GNIQDHu7A7paONe/IOm3cUnRfUTxfWNlsvhKmEfUKFWdEsuBMd70aIl1YPtwasg9dkjW535pRudaExBm8IrvbA=="
      },
      "System.Collections.Immutable": {
        "type": "Transitive",
        "resolved": "7.0.0",
        "contentHash": "dQPcs0U1IKnBdRDBkrCTi1FoajSTBzLcVTpjO4MBCMC7f4pDOIPzgBoX8JjG7X6uZRJ8EBxsi8+DR1JuwjnzOQ=="
      },
      "System.IO.Pipelines": {
        "type": "Transitive",
        "resolved": "7.0.0",
        "contentHash": "jRn6JYnNPW6xgQazROBLSfpdoczRw694vO5kKvMcNnpXuolEixUyw6IBuBs2Y2mlSX/LdLvyyWmfXhaI3ND1Yg=="
      },
      "System.Reflection.Metadata": {
        "type": "Transitive",
        "resolved": "7.0.0",
        "contentHash": "MclTG61lsD9sYdpNz9xsKBzjsmsfCtcMZYXz/IUr2zlhaTaABonlr1ESeompTgM+Xk+IwtGYU7/voh3YWB/fWw==",
        "dependencies": {
          "System.Collections.Immutable": "7.0.0"
        }
      },
      "System.Runtime.CompilerServices.Unsafe": {
        "type": "Transitive",
        "resolved": "6.0.0",
        "contentHash": "/iUeP3tq1S0XdNNoMz5C9twLSrM/TH+qElHkXWaPvuNOt+99G75NrV0OS2EqHx5wMN7popYjpc8oTjC1y16DLg=="
      },
      "System.Text.Encoding.CodePages": {
        "type": "Transitive",
        "resolved": "7.0.0",
        "contentHash": "LSyCblMpvOe0N3E+8e0skHcrIhgV2huaNcjUUEa8hRtgEAm36aGkRoC8Jxlb6Ra6GSfF29ftduPNywin8XolzQ=="
      }
    }
  }
}